Microsoft Visual Studio Solution File, Format Version 12.00
# Visual Studio 15
VisualStudioVersion = 15.0.28010.2041
MinimumVisualStudioVersion = 10.0.40219.1
Project("{FAE04EC0-301F-11D3-BF4B-00C04F79EFBC}") = "AchievementTracker.Android", "AchievementTracker.Android\AchievementTracker.Android.csproj", "{9E94990A-221A-4AE0-97A9-10B3E68E4A51}"
EndProject
Project("{FAE04EC0-301F-11D3-BF4B-00C04F79EFBC}") = "AchievementTracker.iOS", "AchievementTracker.iOS\AchievementTracker.iOS.csproj", "{5BFE8890-3B9D-434C-B5A7-A85CE24BCBD9}"
EndProject
Project("{9A19103F-16F7-4668-BE54-9A1E7A4F7556}") = "AchievementTracker", "AchievementTracker\AchievementTracker.csproj", "{122FA593-FA04-4683-9B43-241DBD78C7D1}"
EndProject
Global
	GlobalSection(SolutionConfigurationPlatforms) = preSolution
		Ad-Hoc|Any CPU = Ad-Hoc|Any CPU
		Ad-Hoc|iPhone = Ad-Hoc|iPhone
		Ad-Hoc|iPhoneSimulator = Ad-Hoc|iPhoneSimulator
		AppStore|Any CPU = AppStore|Any CPU
		AppStore|iPhone = AppStore|iPhone
		AppStore|iPhoneSimulator = AppStore|iPhoneSimulator
		Debug|Any CPU = Debug|Any CPU
		Debug|iPhone = Debug|iPhone
		Debug|iPhoneSimulator = Debug|iPhoneSimulator
		Release|Any CPU = Release|Any CPU
		Release|iPhone = Release|iPhone
		Release|iPhoneSimulator = Release|iPhoneSimulator
	EndGlobalSection
	GlobalSection(ProjectConfigurationPlatforms) = postSolution
		{9E94990A-221A-4AE0-97A9-10B3E68E4A51}.Ad-Hoc|Any CPU.ActiveCfg = Release|Any CPU
		{9E94990A-221A-4AE0-97A9-10B3E68E4A51}.Ad-Hoc|Any CPU.Build.0 = Release|Any CPU
		{9E94990A-221A-4AE0-97A9-10B3E68E4A51}.Ad-Hoc|Any CPU.Deploy.0 = Release|Any CPU
		{9E94990A-221A-4AE0-97A9-10B3E68E4A51}.Ad-Hoc|iPhone.ActiveCfg = Debug|Any CPU
		{9E94990A-221A-4AE0-97A9-10B3E68E4A51}.Ad-Hoc|iPhone.Build.0 = Debug|Any CPU
		{9E94990A-221A-4AE0-97A9-10B3E68E4A51}.Ad-Hoc|iPhoneSimulator.ActiveCfg = Release|Any CPU
		{9E94990A-221A-4AE0-97A9-10B3E68E4A51}.Ad-Hoc|iPhoneSimulator.Build.0 = Release|Any CPU
		{9E94990A-221A-4AE0-97A9-10B3E68E4A51}.Ad-Hoc|iPhoneSimulator.Deploy.0 = Release|Any CPU
		{9E94990A-221A-4AE0-97A9-10B3E68E4A51}.AppStore|Any CPU.ActiveCfg = Release|Any CPU
		{9E94990A-221A-4AE0-97A9-10B3E68E4A51}.AppStore|Any CPU.Build.0 = Release|Any CPU
		{9E94990A-221A-4AE0-97A9-10B3E68E4A51}.AppStore|Any CPU.Deploy.0 = Release|Any CPU
		{9E94990A-221A-4AE0-97A9-10B3E68E4A51}.AppStore|iPhone.ActiveCfg = Debug|Any CPU
		{9E94990A-221A-4AE0-97A9-10B3E68E4A51}.AppStore|iPhone.Build.0 = Debug|Any CPU
		{9E94990A-221A-4AE0-97A9-10B3E68E4A51}.AppStore|iPhoneSimulator.ActiveCfg = Release|Any CPU
		{9E94990A-221A-4AE0-97A9-10B3E68E4A51}.AppStore|iPhoneSimulator.Build.0 = Release|Any CPU
		{9E94990A-221A-4AE0-97A9-10B3E68E4A51}.AppStore|iPhoneSimulator.Deploy.0 = Release|Any CPU
		{9E94990A-221A-4AE0-97A9-10B3E68E4A51}.Debug|Any CPU.ActiveCfg = Debug|Any CPU
		{9E94990A-221A-4AE0-97A9-10B3E68E4A51}.Debug|Any CPU.Build.0 = Debug|Any CPU
		{9E94990A-221A-4AE0-97A9-10B3E68E4A51}.Debug|iPhone.ActiveCfg = Debug|Any CPU
		{9E94990A-221A-4AE0-97A9-10B3E68E4A51}.Debug|iPhone.Build.0 = Debug|Any CPU
		{9E94990A-221A-4AE0-97A9-10B3E68E4A51}.Debug|iPhoneSimulator.ActiveCfg = Debug|Any CPU
		{9E94990A-221A-4AE0-97A9-10B3E68E4A51}.Debug|iPhoneSimulator.Build.0 = Debug|Any CPU
		{9E94990A-221A-4AE0-97A9-10B3E68E4A51}.Release|Any CPU.ActiveCfg = Release|Any CPU
		{9E94990A-221A-4AE0-97A9-10B3E68E4A51}.Release|Any CPU.Build.0 = Release|Any CPU
		{9E94990A-221A-4AE0-97A9-10B3E68E4A51}.Release|iPhone.ActiveCfg = Release|Any CPU
		{9E94990A-221A-4AE0-97A9-10B3E68E4A51}.Release|iPhone.Build.0 = Release|Any CPU
		{9E94990A-221A-4AE0-97A9-10B3E68E4A51}.Release|iPhoneSimulator.ActiveCfg = Release|Any CPU
		{9E94990A-221A-4AE0-97A9-10B3E68E4A51}.Release|iPhoneSimulator.Build.0 = Release|Any CPU
		{5BFE8890-3B9D-434C-B5A7-A85CE24BCBD9}.Ad-Hoc|Any CPU.ActiveCfg = Ad-Hoc|iPhoneSimulator
		{5BFE8890-3B9D-434C-B5A7-A85CE24BCBD9}.Ad-Hoc|iPhone.ActiveCfg = Ad-Hoc|iPhone
		{5BFE8890-3B9D-434C-B5A7-A85CE24BCBD9}.Ad-Hoc|iPhone.Build.0 = Ad-Hoc|iPhone
		{5BFE8890-3B9D-434C-B5A7-A85CE24BCBD9}.Ad-Hoc|iPhoneSimulator.ActiveCfg = Ad-Hoc|iPhoneSimulator
		{5BFE8890-3B9D-434C-B5A7-A85CE24BCBD9}.Ad-Hoc|iPhoneSimulator.Build.0 = Ad-Hoc|iPhoneSimulator
		{5BFE8890-3B9D-434C-B5A7-A85CE24BCBD9}.AppStore|Any CPU.ActiveCfg = AppStore|iPhoneSimulator
		{5BFE8890-3B9D-434C-B5A7-A85CE24BCBD9}.AppStore|iPhone.ActiveCfg = AppStore|iPhone
		{5BFE8890-3B9D-434C-B5A7-A85CE24BCBD9}.AppStore|iPhone.Build.0 = AppStore|iPhone
		{5BFE8890-3B9D-434C-B5A7-A85CE24BCBD9}.AppStore|iPhoneSimulator.ActiveCfg = AppStore|iPhoneSimulator
		{5BFE8890-3B9D-434C-B5A7-A85CE24BCBD9}.AppStore|iPhoneSimulator.Build.0 = AppStore|iPhoneSimulator
		{5BFE8890-3B9D-434C-B5A7-A85CE24BCBD9}.Debug|Any CPU.ActiveCfg = Debug|iPhoneSimulator
		{5BFE8890-3B9D-434C-B5A7-A85CE24BCBD9}.Debug|Any CPU.Build.0 = Debug|iPhoneSimulator
		{5BFE8890-3B9D-434C-B5A7-A85CE24BCBD9}.Debug|iPhone.ActiveCfg = Debug|iPhone
		{5BFE8890-3B9D-434C-B5A7-A85CE24BCBD9}.Debug|iPhone.Build.0 = Debug|iPhone
		{5BFE8890-3B9D-434C-B5A7-A85CE24BCBD9}.Debug|iPhoneSimulator.ActiveCfg = Debug|iPhoneSimulator
		{5BFE8890-3B9D-434C-B5A7-A85CE24BCBD9}.Debug|iPhoneSimulator.Build.0 = Debug|iPhoneSimulator
		{5BFE8890-3B9D-434C-B5A7-A85CE24BCBD9}.Release|Any CPU.ActiveCfg = Release|iPhoneSimulator
		{5BFE8890-3B9D-434C-B5A7-A85CE24BCBD9}.Release|Any CPU.Build.0 = Release|iPhoneSimulator
		{5BFE8890-3B9D-434C-B5A7-A85CE24BCBD9}.Release|iPhone.ActiveCfg = Release|iPhone
		{5BFE8890-3B9D-434C-B5A7-A85CE24BCBD9}.Release|iPhone.Build.0 = Release|iPhone
		{5BFE8890-3B9D-434C-B5A7-A85CE24BCBD9}.Release|iPhoneSimulator.ActiveCfg = Release|iPhoneSimulator
		{5BFE8890-3B9D-434C-B5A7-A85CE24BCBD9}.Release|iPhoneSimulator.Build.0 = Release|iPhoneSimulator
		{122FA593-FA04-4683-9B43-241DBD78C7D1}.Ad-Hoc|Any CPU.ActiveCfg = Release|Any CPU
		{122FA593-FA04-4683-9B43-241DBD78C7D1}.Ad-Hoc|Any CPU.Build.0 = Release|Any CPU
		{122FA593-FA04-4683-9B43-241DBD78C7D1}.Ad-Hoc|iPhone.ActiveCfg = Debug|Any CPU
		{122FA593-FA04-4683-9B43-241DBD78C7D1}.Ad-Hoc|iPhone.Build.0 = Debug|Any CPU
		{122FA593-FA04-4683-9B43-241DBD78C7D1}.Ad-Hoc|iPhoneSimulator.ActiveCfg = Release|Any CPU
		{122FA593-FA04-4683-9B43-241DBD78C7D1}.Ad-Hoc|iPhoneSimulator.Build.0 = Release|Any CPU
		{122FA593-FA04-4683-9B43-241DBD78C7D1}.AppStore|Any CPU.ActiveCfg = Release|Any CPU
		{122FA593-FA04-4683-9B43-241DBD78C7D1}.AppStore|Any CPU.Build.0 = Release|Any CPU
		{122FA593-FA04-4683-9B43-241DBD78C7D1}.AppStore|iPhone.ActiveCfg = Debug|Any CPU
		{122FA593-FA04-4683-9B43-241DBD78C7D1}.AppStore|iPhone.Build.0 = Debug|Any CPU
		{122FA593-FA04-4683-9B43-241DBD78C7D1}.AppStore|iPhoneSimulator.ActiveCfg = Release|Any CPU
		{122FA593-FA04-4683-9B43-241DBD78C7D1}.AppStore|iPhoneSimulator.Build.0 = Release|Any CPU
		{122FA593-FA04-4683-9B43-241DBD78C7D1}.Debug|Any CPU.ActiveCfg = Debug|Any CPU
		{122FA593-FA04-4683-9B43-241DBD78C7D1}.Debug|Any CPU.Build.0 = Debug|Any CPU
		{122FA593-FA04-4683-9B43-241DBD78C7D1}.Debug|iPhone.ActiveCfg = Debug|Any CPU
		{122FA593-FA04-4683-9B43-241DBD78C7D1}.Debug|iPhone.Build.0 = Debug|Any CPU
		{122FA593-FA04-4683-9B43-241DBD78C7D1}.Debug|iPhoneSimulator.ActiveCfg = Debug|Any CPU
		{122FA593-FA04-4683-9B43-241DBD78C7D1}.Debug|iPhoneSimulator.Build.0 = Debug|Any CPU
		{122FA593-FA04-4683-9B43-241DBD78C7D1}.Release|Any CPU.ActiveCfg = Release|Any CPU
		{122FA593-FA04-4683-9B43-241DBD78C7D1}.Release|Any CPU.Build.0 = Release|Any CPU
		{122FA593-FA04-4683-9B43-241DBD78C7D1}.Release|iPhone.ActiveCfg = Release|Any CPU
		{122FA593-FA04-4683-9B43-241DBD78C7D1}.Release|iPhone.Build.0 = Release|Any CPU
		{122FA593-FA04-4683-9B43-241DBD78C7D1}.Release|iPhoneSimulator.ActiveCfg = Release|Any CPU
		{122FA593-FA04-4683-9B43-241DBD78C7D1}.Release|iPhoneSimulator.Build.0 = Release|Any CPU
	EndGlobalSection
	GlobalSection(SolutionProperties) = preSolution
		HideSolutionNode = FALSE
	EndGlobalSection
	GlobalSection(ExtensibilityGlobals) = postSolution
		SolutionGuid = {7D0D00DB-8E4A-471B-9FFE-85D9FB7DAC87}
	EndGlobalSection
EndGlobal
